
Microsoft Visual Studio Solution File, Format Version 12.00
# Visual Studio Version 16
VisualStudioVersion = 16.0.29123.88
MinimumVisualStudioVersion = 10.0.40219.1
Project("{FAE04EC0-301F-11D3-BF4B-00C04F79EFBC}") = "Blog.Core", "Blog.Core\Blog.Core.csproj", "{1D772039-1973-4FE0-B3C6-F3DBDE56D989}"
EndProject
Project("{FAE04EC0-301F-11D3-BF4B-00C04F79EFBC}") = "Blog.Business", "Blog.Business\Blog.Business.csproj", "{1ABCAF84-72CE-4F3F-B44C-49B7D4481314}"
EndProject
Project("{FAE04EC0-301F-11D3-BF4B-00C04F79EFBC}") = "Blog.DataAccess", "Blog.DataAccess\Blog.DataAccess.csproj", "{6571BC54-9B71-40C3-990E-F05B608B0CB0}"
EndProject
Project("{FAE04EC0-301F-11D3-BF4B-00C04F79EFBC}") = "Blog.Entities", "Blog.Entities\Blog.Entities.csproj", "{3602E9BB-734F-41C3-8EBF-DC0611A6A0CF}"
EndProject
Project("{FAE04EC0-301F-11D3-BF4B-00C04F79EFBC}") = "Blog.WebUI", "Blog.WebUI\Blog.WebUI.csproj", "{48285A55-8474-4532-B16C-10952A666330}"
EndProject
Global
	GlobalSection(SolutionConfigurationPlatforms) = preSolution
		Debug|Any CPU = Debug|Any CPU
		Release|Any CPU = Release|Any CPU
	EndGlobalSection
	GlobalSection(ProjectConfigurationPlatforms) = postSolution
		{1D772039-1973-4FE0-B3C6-F3DBDE56D989}.Debug|Any CPU.ActiveCfg = Debug|Any CPU
		{1D772039-1973-4FE0-B3C6-F3DBDE56D989}.Debug|Any CPU.Build.0 = Debug|Any CPU
		{1D772039-1973-4FE0-B3C6-F3DBDE56D989}.Release|Any CPU.ActiveCfg = Release|Any CPU
		{1D772039-1973-4FE0-B3C6-F3DBDE56D989}.Release|Any CPU.Build.0 = Release|Any CPU
		{1ABCAF84-72CE-4F3F-B44C-49B7D4481314}.Debug|Any CPU.ActiveCfg = Debug|Any CPU
		{1ABCAF84-72CE-4F3F-B44C-49B7D4481314}.Debug|Any CPU.Build.0 = Debug|Any CPU
		{1ABCAF84-72CE-4F3F-B44C-49B7D4481314}.Release|Any CPU.ActiveCfg = Release|Any CPU
		{1ABCAF84-72CE-4F3F-B44C-49B7D4481314}.Release|Any CPU.Build.0 = Release|Any CPU
		{6571BC54-9B71-40C3-990E-F05B608B0CB0}.Debug|Any CPU.ActiveCfg = Debug|Any CPU
		{6571BC54-9B71-40C3-990E-F05B608B0CB0}.Debug|Any CPU.Build.0 = Debug|Any CPU
		{6571BC54-9B71-40C3-990E-F05B608B0CB0}.Release|Any CPU.ActiveCfg = Release|Any CPU
		{6571BC54-9B71-40C3-990E-F05B608B0CB0}.Release|Any CPU.Build.0 = Release|Any CPU
		{3602E9BB-734F-41C3-8EBF-DC0611A6A0CF}.Debug|Any CPU.ActiveCfg = Debug|Any CPU
		{3602E9BB-734F-41C3-8EBF-DC0611A6A0CF}.Debug|Any CPU.Build.0 = Debug|Any CPU
		{3602E9BB-734F-41C3-8EBF-DC0611A6A0CF}.Release|Any CPU.ActiveCfg = Release|Any CPU
		{3602E9BB-734F-41C3-8EBF-DC0611A6A0CF}.Release|Any CPU.Build.0 = Release|Any CPU
		{48285A55-8474-4532-B16C-10952A666330}.Debug|Any CPU.ActiveCfg = Debug|Any CPU
		{48285A55-8474-4532-B16C-10952A666330}.Debug|Any CPU.Build.0 = Debug|Any CPU
		{48285A55-8474-4532-B16C-10952A666330}.Release|Any CPU.ActiveCfg = Release|Any CPU
		{48285A55-8474-4532-B16C-10952A666330}.Release|Any CPU.Build.0 = Release|Any CPU
	EndGlobalSection
	GlobalSection(SolutionProperties) = preSolution
		HideSolutionNode = FALSE
	EndGlobalSection
	GlobalSection(ExtensibilityGlobals) = postSolution
		SolutionGuid = {03D0E9CB-09A7-449B-834F-F1EFB2B14D28}
	EndGlobalSection
EndGlobal
